// !$*UTF8*$!
{
	archiveVersion = 1;
	classes = {
	};
	objectVersion = 50;
	objects = {

/* Begin PBXBuildFile section */
		8E1C011827B6661C001381AA /* View.swift in Sources */ = {isa = PBXBuildFile; fileRef = 8E1C011727B6661C001381AA /* View.swift */; };
		8E1C011A27B66639001381AA /* Shape.swift in Sources */ = {isa = PBXBuildFile; fileRef = 8E1C011927B66639001381AA /* Shape.swift */; };
		8E1D639027D897FC0010F1FC /* ChargerFiltersViewModel.swift in Sources */ = {isa = PBXBuildFile; fileRef = 8E1D638F27D897FC0010F1FC /* ChargerFiltersViewModel.swift */; };
		8E1D639227D8E6C80010F1FC /* MapView.swift in Sources */ = {isa = PBXBuildFile; fileRef = 8E1D639127D8E6C80010F1FC /* MapView.swift */; };
		8E1DBB4327D6504200D9277E /* FilterView.swift in Sources */ = {isa = PBXBuildFile; fileRef = 8E1DBB4227D6504200D9277E /* FilterView.swift */; };
		8E575D1426E3BDAC00CC73D7 /* URLSessionHTTPClientTests.swift in Sources */ = {isa = PBXBuildFile; fileRef = 8E575D1326E3BDAC00CC73D7 /* URLSessionHTTPClientTests.swift */; };
		8E5887A127C8090300DE743F /* ChargerViewModel.swift in Sources */ = {isa = PBXBuildFile; fileRef = 8E5887A027C8090300DE743F /* ChargerViewModel.swift */; };
		8E588E3327F7492200551A19 /* Launch Screen.storyboard in Resources */ = {isa = PBXBuildFile; fileRef = 8E588E3227F7492200551A19 /* Launch Screen.storyboard */; };
		8E5B0D7A27BE8FF100D0BA91 /* AnyTransition.swift in Sources */ = {isa = PBXBuildFile; fileRef = 8E5B0D7927BE8FF100D0BA91 /* AnyTransition.swift */; };
		8E5B0D7F27BE906A00D0BA91 /* Constants.swift in Sources */ = {isa = PBXBuildFile; fileRef = 8E5B0D7E27BE906A00D0BA91 /* Constants.swift */; };
		8E5FBF3427BBCD9500241226 /* CLLocationCoordinate2D.swift in Sources */ = {isa = PBXBuildFile; fileRef = 8E5FBF3327BBCD9500241226 /* CLLocationCoordinate2D.swift */; };
		8E5FBF3627BBCE4900241226 /* ProcessingView.swift in Sources */ = {isa = PBXBuildFile; fileRef = 8E5FBF3527BBCE4800241226 /* ProcessingView.swift */; };
		8E5FBF3A27BBCF7400241226 /* AuthorizationPermission.swift in Sources */ = {isa = PBXBuildFile; fileRef = 8E5FBF3927BBCF7400241226 /* AuthorizationPermission.swift */; };
		8E5FBF3C27BBEBC000241226 /* ChargerAnnotationView.swift in Sources */ = {isa = PBXBuildFile; fileRef = 8E5FBF3B27BBEBC000241226 /* ChargerAnnotationView.swift */; };
		8E64D40127C79202008BEB65 /* ChargerRow.swift in Sources */ = {isa = PBXBuildFile; fileRef = 8E64D40027C79202008BEB65 /* ChargerRow.swift */; };
		8E64D40327C7D955008BEB65 /* ChargersList.swift in Sources */ = {isa = PBXBuildFile; fileRef = 8E64D40227C7D955008BEB65 /* ChargersList.swift */; };
		8E66780F26EF2F0F0008D7D2 /* LocationViewModel.swift in Sources */ = {isa = PBXBuildFile; fileRef = 8E66780E26EF2F0F0008D7D2 /* LocationViewModel.swift */; };
		8E66781326EFD8720008D7D2 /* OpenChargeViewModelTests.swift in Sources */ = {isa = PBXBuildFile; fileRef = 8E66781226EFD8720008D7D2 /* OpenChargeViewModelTests.swift */; };
		8E66781526EFDACE0008D7D2 /* URLSessionHTTPClient.swift in Sources */ = {isa = PBXBuildFile; fileRef = 8E66781426EFDACE0008D7D2 /* URLSessionHTTPClient.swift */; };
		8E69AC9B26EB7A8D00485CC2 /* LocationManager.swift in Sources */ = {isa = PBXBuildFile; fileRef = 8E69AC9A26EB7A8D00485CC2 /* LocationManager.swift */; };
		8E69ACA126EB9FF000485CC2 /* LocationViewModelTests.swift in Sources */ = {isa = PBXBuildFile; fileRef = 8E69ACA026EB9FF000485CC2 /* LocationViewModelTests.swift */; };
		8E69CB2F26E89E1A003B14FC /* LocationManagerTests.swift in Sources */ = {isa = PBXBuildFile; fileRef = 8E69CB2E26E89E1A003B14FC /* LocationManagerTests.swift */; };
		8E6BEDBE27957989009DDF94 /* ChargersViewModel.swift in Sources */ = {isa = PBXBuildFile; fileRef = 8E6BEDBD27957989009DDF94 /* ChargersViewModel.swift */; };
		8E73D22F27C41781007818B8 /* ChargerView.swift in Sources */ = {isa = PBXBuildFile; fileRef = 8E73D22E27C41781007818B8 /* ChargerView.swift */; };
		8E7AA43D27DB42F400CF0864 /* ChargerViewModelTests.swift in Sources */ = {isa = PBXBuildFile; fileRef = 8E7AA43C27DB42F400CF0864 /* ChargerViewModelTests.swift */; };
		8E84701627FAF784006C1178 /* Localizable.strings in Resources */ = {isa = PBXBuildFile; fileRef = 8E84701827FAF784006C1178 /* Localizable.strings */; };
		8E84701C27FB070A006C1178 /* InfoPlist.strings in Resources */ = {isa = PBXBuildFile; fileRef = 8E84701E27FB070A006C1178 /* InfoPlist.strings */; };
		8E9E73BC26E0B66300CFEC24 /* OpenChargeApp.swift in Sources */ = {isa = PBXBuildFile; fileRef = 8E9E73BB26E0B66300CFEC24 /* OpenChargeApp.swift */; };
		8E9E73BE26E0B66400CFEC24 /* ContentView.swift in Sources */ = {isa = PBXBuildFile; fileRef = 8E9E73BD26E0B66400CFEC24 /* ContentView.swift */; };
		8E9E73C026E0B66500CFEC24 /* Assets.xcassets in Resources */ = {isa = PBXBuildFile; fileRef = 8E9E73BF26E0B66500CFEC24 /* Assets.xcassets */; };
		8E9E73C326E0B66600CFEC24 /* Preview Assets.xcassets in Resources */ = {isa = PBXBuildFile; fileRef = 8E9E73C226E0B66600CFEC24 /* Preview Assets.xcassets */; };
		8E9E73D926E0B66600CFEC24 /* OpenChargeAppUITests.swift in Sources */ = {isa = PBXBuildFile; fileRef = 8E9E73D826E0B66600CFEC24 /* OpenChargeAppUITests.swift */; };
		8E9E73EC26E10ACE00CFEC24 /* HTTPClient.swift in Sources */ = {isa = PBXBuildFile; fileRef = 8E9E73EB26E10ACE00CFEC24 /* HTTPClient.swift */; };
		8E9E73EE26E1211C00CFEC24 /* Charger.swift in Sources */ = {isa = PBXBuildFile; fileRef = 8E9E73ED26E1211C00CFEC24 /* Charger.swift */; };
/* End PBXBuildFile section */

/* Begin PBXContainerItemProxy section */
		8E9E73CA26E0B66600CFEC24 /* PBXContainerItemProxy */ = {
			isa = PBXContainerItemProxy;
			containerPortal = 8E9E73B026E0B66300CFEC24 /* Project object */;
			proxyType = 1;
			remoteGlobalIDString = 8E9E73B726E0B66300CFEC24;
			remoteInfo = OpenChargeApp;
		};
		8E9E73D526E0B66600CFEC24 /* PBXContainerItemProxy */ = {
			isa = PBXContainerItemProxy;
			containerPortal = 8E9E73B026E0B66300CFEC24 /* Project object */;
			proxyType = 1;
			remoteGlobalIDString = 8E9E73B726E0B66300CFEC24;
			remoteInfo = OpenChargeApp;
		};
/* End PBXContainerItemProxy section */

/* Begin PBXFileReference section */
		8E1C011727B6661C001381AA /* View.swift */ = {isa = PBXFileReference; lastKnownFileType = sourcecode.swift; path = View.swift; sourceTree = "<group>"; };
		8E1C011927B66639001381AA /* Shape.swift */ = {isa = PBXFileReference; lastKnownFileType = sourcecode.swift; path = Shape.swift; sourceTree = "<group>"; };
		8E1D638F27D897FC0010F1FC /* ChargerFiltersViewModel.swift */ = {isa = PBXFileReference; lastKnownFileType = sourcecode.swift; path = ChargerFiltersViewModel.swift; sourceTree = "<group>"; };
		8E1D639127D8E6C80010F1FC /* MapView.swift */ = {isa = PBXFileReference; lastKnownFileType = sourcecode.swift; path = MapView.swift; sourceTree = "<group>"; };
		8E1DBB4227D6504200D9277E /* FilterView.swift */ = {isa = PBXFileReference; lastKnownFileType = sourcecode.swift; path = FilterView.swift; sourceTree = "<group>"; };
		8E575D1326E3BDAC00CC73D7 /* URLSessionHTTPClientTests.swift */ = {isa = PBXFileReference; lastKnownFileType = sourcecode.swift; path = URLSessionHTTPClientTests.swift; sourceTree = "<group>"; };
		8E5887A027C8090300DE743F /* ChargerViewModel.swift */ = {isa = PBXFileReference; lastKnownFileType = sourcecode.swift; path = ChargerViewModel.swift; sourceTree = "<group>"; };
		8E588E3227F7492200551A19 /* Launch Screen.storyboard */ = {isa = PBXFileReference; lastKnownFileType = file.storyboard; path = "Launch Screen.storyboard"; sourceTree = "<group>"; };
		8E5B0D7927BE8FF100D0BA91 /* AnyTransition.swift */ = {isa = PBXFileReference; lastKnownFileType = sourcecode.swift; path = AnyTransition.swift; sourceTree = "<group>"; };
		8E5B0D7E27BE906A00D0BA91 /* Constants.swift */ = {isa = PBXFileReference; lastKnownFileType = sourcecode.swift; path = Constants.swift; sourceTree = "<group>"; };
		8E5FBF3327BBCD9500241226 /* CLLocationCoordinate2D.swift */ = {isa = PBXFileReference; lastKnownFileType = sourcecode.swift; path = CLLocationCoordinate2D.swift; sourceTree = "<group>"; };
		8E5FBF3527BBCE4800241226 /* ProcessingView.swift */ = {isa = PBXFileReference; lastKnownFileType = sourcecode.swift; path = ProcessingView.swift; sourceTree = "<group>"; };
		8E5FBF3927BBCF7400241226 /* AuthorizationPermission.swift */ = {isa = PBXFileReference; lastKnownFileType = sourcecode.swift; path = AuthorizationPermission.swift; sourceTree = "<group>"; };
		8E5FBF3B27BBEBC000241226 /* ChargerAnnotationView.swift */ = {isa = PBXFileReference; lastKnownFileType = sourcecode.swift; path = ChargerAnnotationView.swift; sourceTree = "<group>"; };
		8E64D40027C79202008BEB65 /* ChargerRow.swift */ = {isa = PBXFileReference; lastKnownFileType = sourcecode.swift; path = ChargerRow.swift; sourceTree = "<group>"; };
		8E64D40227C7D955008BEB65 /* ChargersList.swift */ = {isa = PBXFileReference; lastKnownFileType = sourcecode.swift; path = ChargersList.swift; sourceTree = "<group>"; };
		8E66780E26EF2F0F0008D7D2 /* LocationViewModel.swift */ = {isa = PBXFileReference; lastKnownFileType = sourcecode.swift; path = LocationViewModel.swift; sourceTree = "<group>"; };
		8E66781226EFD8720008D7D2 /* OpenChargeViewModelTests.swift */ = {isa = PBXFileReference; lastKnownFileType = sourcecode.swift; path = OpenChargeViewModelTests.swift; sourceTree = "<group>"; };
		8E66781426EFDACE0008D7D2 /* URLSessionHTTPClient.swift */ = {isa = PBXFileReference; lastKnownFileType = sourcecode.swift; name = URLSessionHTTPClient.swift; path = OpenChargeApp/URLSessionHTTPClient.swift; sourceTree = SOURCE_ROOT; };
		8E69AC9A26EB7A8D00485CC2 /* LocationManager.swift */ = {isa = PBXFileReference; lastKnownFileType = sourcecode.swift; path = LocationManager.swift; sourceTree = "<group>"; };
		8E69ACA026EB9FF000485CC2 /* LocationViewModelTests.swift */ = {isa = PBXFileReference; lastKnownFileType = sourcecode.swift; path = LocationViewModelTests.swift; sourceTree = "<group>"; };
		8E69CB2E26E89E1A003B14FC /* LocationManagerTests.swift */ = {isa = PBXFileReference; lastKnownFileType = sourcecode.swift; path = LocationManagerTests.swift; sourceTree = "<group>"; };
		8E6BEDBD27957989009DDF94 /* ChargersViewModel.swift */ = {isa = PBXFileReference; lastKnownFileType = sourcecode.swift; path = ChargersViewModel.swift; sourceTree = "<group>"; };
		8E73D22E27C41781007818B8 /* ChargerView.swift */ = {isa = PBXFileReference; lastKnownFileType = sourcecode.swift; path = ChargerView.swift; sourceTree = "<group>"; };
		8E7AA43C27DB42F400CF0864 /* ChargerViewModelTests.swift */ = {isa = PBXFileReference; lastKnownFileType = sourcecode.swift; path = ChargerViewModelTests.swift; sourceTree = "<group>"; };
		8E84701727FAF784006C1178 /* en */ = {isa = PBXFileReference; lastKnownFileType = text.plist.strings; name = en; path = en.lproj/Localizable.strings; sourceTree = "<group>"; };
		8E84701927FAF787006C1178 /* fr */ = {isa = PBXFileReference; lastKnownFileType = text.plist.strings; name = fr; path = fr.lproj/Localizable.strings; sourceTree = "<group>"; };
		8E84701D27FB070A006C1178 /* en */ = {isa = PBXFileReference; lastKnownFileType = text.plist.strings; name = en; path = en.lproj/InfoPlist.strings; sourceTree = "<group>"; };
		8E84701F27FB070E006C1178 /* fr */ = {isa = PBXFileReference; lastKnownFileType = text.plist.strings; name = fr; path = fr.lproj/InfoPlist.strings; sourceTree = "<group>"; };
		8E9E73B826E0B66300CFEC24 /* OpenChargeApp.app */ = {isa = PBXFileReference; explicitFileType = wrapper.application; includeInIndex = 0; path = OpenChargeApp.app; sourceTree = BUILT_PRODUCTS_DIR; };
		8E9E73BB26E0B66300CFEC24 /* OpenChargeApp.swift */ = {isa = PBXFileReference; lastKnownFileType = sourcecode.swift; path = OpenChargeApp.swift; sourceTree = "<group>"; };
		8E9E73BD26E0B66400CFEC24 /* ContentView.swift */ = {isa = PBXFileReference; lastKnownFileType = sourcecode.swift; path = ContentView.swift; sourceTree = "<group>"; };
		8E9E73BF26E0B66500CFEC24 /* Assets.xcassets */ = {isa = PBXFileReference; lastKnownFileType = folder.assetcatalog; path = Assets.xcassets; sourceTree = "<group>"; };
		8E9E73C226E0B66600CFEC24 /* Preview Assets.xcassets */ = {isa = PBXFileReference; lastKnownFileType = folder.assetcatalog; path = "Preview Assets.xcassets"; sourceTree = "<group>"; };
		8E9E73C426E0B66600CFEC24 /* Info.plist */ = {isa = PBXFileReference; lastKnownFileType = text.plist.xml; path = Info.plist; sourceTree = "<group>"; };
		8E9E73C926E0B66600CFEC24 /* OpenChargeAppTests.xctest */ = {isa = PBXFileReference; explicitFileType = wrapper.cfbundle; includeInIndex = 0; path = OpenChargeAppTests.xctest; sourceTree = BUILT_PRODUCTS_DIR; };
		8E9E73CF26E0B66600CFEC24 /* Info.plist */ = {isa = PBXFileReference; lastKnownFileType = text.plist.xml; path = Info.plist; sourceTree = "<group>"; };
		8E9E73D426E0B66600CFEC24 /* OpenChargeAppUITests.xctest */ = {isa = PBXFileReference; explicitFileType = wrapper.cfbundle; includeInIndex = 0; path = OpenChargeAppUITests.xctest; sourceTree = BUILT_PRODUCTS_DIR; };
		8E9E73D826E0B66600CFEC24 /* OpenChargeAppUITests.swift */ = {isa = PBXFileReference; lastKnownFileType = sourcecode.swift; path = OpenChargeAppUITests.swift; sourceTree = "<group>"; };
		8E9E73DA26E0B66600CFEC24 /* Info.plist */ = {isa = PBXFileReference; lastKnownFileType = text.plist.xml; path = Info.plist; sourceTree = "<group>"; };
		8E9E73EB26E10ACE00CFEC24 /* HTTPClient.swift */ = {isa = PBXFileReference; lastKnownFileType = sourcecode.swift; path = HTTPClient.swift; sourceTree = "<group>"; };
		8E9E73ED26E1211C00CFEC24 /* Charger.swift */ = {isa = PBXFileReference; lastKnownFileType = sourcecode.swift; path = Charger.swift; sourceTree = "<group>"; };
/* End PBXFileReference section */

/* Begin PBXFrameworksBuildPhase section */
		8E9E73B526E0B66300CFEC24 /* Frameworks */ = {
			isa = PBXFrameworksBuildPhase;
			buildActionMask = 2147483647;
			files = (
			);
			runOnlyForDeploymentPostprocessing = 0;
		};
		8E9E73C626E0B66600CFEC24 /* Frameworks */ = {
			isa = PBXFrameworksBuildPhase;
			buildActionMask = 2147483647;
			files = (
			);
			runOnlyForDeploymentPostprocessing = 0;
		};
		8E9E73D126E0B66600CFEC24 /* Frameworks */ = {
			isa = PBXFrameworksBuildPhase;
			buildActionMask = 2147483647;
			files = (
			);
			runOnlyForDeploymentPostprocessing = 0;
		};
/* End PBXFrameworksBuildPhase section */

/* Begin PBXGroup section */
		8E1C011627B66602001381AA /* Extension */ = {
			isa = PBXGroup;
			children = (
				8E1C011727B6661C001381AA /* View.swift */,
				8E1C011927B66639001381AA /* Shape.swift */,
				8E5FBF3327BBCD9500241226 /* CLLocationCoordinate2D.swift */,
				8E5B0D7927BE8FF100D0BA91 /* AnyTransition.swift */,
			);
			path = Extension;
			sourceTree = "<group>";
		};
		8E5887A227C8098A00DE743F /* ViewModels */ = {
			isa = PBXGroup;
			children = (
				8E6BEDBD27957989009DDF94 /* ChargersViewModel.swift */,
				8E5887A027C8090300DE743F /* ChargerViewModel.swift */,
				8E1D638F27D897FC0010F1FC /* ChargerFiltersViewModel.swift */,
			);
			path = ViewModels;
			sourceTree = "<group>";
		};
		8E5B0D7D27BE905100D0BA91 /* Helpers */ = {
			isa = PBXGroup;
			children = (
				8E5B0D7E27BE906A00D0BA91 /* Constants.swift */,
			);
			path = Helpers;
			sourceTree = "<group>";
		};
		8E5FBF3727BBCE9500241226 /* Views */ = {
			isa = PBXGroup;
			children = (
				8E5B0D7D27BE905100D0BA91 /* Helpers */,
				8E9E73BD26E0B66400CFEC24 /* ContentView.swift */,
				8E1D639127D8E6C80010F1FC /* MapView.swift */,
				8E1DBB4227D6504200D9277E /* FilterView.swift */,
				8E5FBF3527BBCE4800241226 /* ProcessingView.swift */,
				8E73D23227C4186C007818B8 /* Charger */,
			);
			path = Views;
			sourceTree = "<group>";
		};
		8E5FBF3827BBCEA000241226 /* Model */ = {
			isa = PBXGroup;
			children = (
				8E9E73ED26E1211C00CFEC24 /* Charger.swift */,
			);
			path = Model;
			sourceTree = "<group>";
		};
		8E69AC9926EB7A8200485CC2 /* Location */ = {
			isa = PBXGroup;
			children = (
				8E69AC9A26EB7A8D00485CC2 /* LocationManager.swift */,
				8E66780E26EF2F0F0008D7D2 /* LocationViewModel.swift */,
				8E5FBF3927BBCF7400241226 /* AuthorizationPermission.swift */,
			);
			path = Location;
			sourceTree = "<group>";
		};
		8E69AC9C26EB8A4A00485CC2 /* API */ = {
			isa = PBXGroup;
			children = (
				8E575D1326E3BDAC00CC73D7 /* URLSessionHTTPClientTests.swift */,
				8E66781226EFD8720008D7D2 /* OpenChargeViewModelTests.swift */,
			);
			path = API;
			sourceTree = "<group>";
		};
		8E69AC9D26EB8A9C00485CC2 /* Location */ = {
			isa = PBXGroup;
			children = (
				8E69CB2E26E89E1A003B14FC /* LocationManagerTests.swift */,
				8E69ACA026EB9FF000485CC2 /* LocationViewModelTests.swift */,
			);
			path = Location;
			sourceTree = "<group>";
		};
		8E73D23227C4186C007818B8 /* Charger */ = {
			isa = PBXGroup;
			children = (
				8E64D40227C7D955008BEB65 /* ChargersList.swift */,
				8E73D22E27C41781007818B8 /* ChargerView.swift */,
				8E5FBF3B27BBEBC000241226 /* ChargerAnnotationView.swift */,
				8E64D40027C79202008BEB65 /* ChargerRow.swift */,
			);
			path = Charger;
			sourceTree = "<group>";
		};
		8E9E73AF26E0B66300CFEC24 = {
			isa = PBXGroup;
			children = (
				8E9E73BA26E0B66300CFEC24 /* OpenChargeApp */,
				8E9E73CC26E0B66600CFEC24 /* OpenChargeAppTests */,
				8E9E73D726E0B66600CFEC24 /* OpenChargeAppUITests */,
				8E9E73B926E0B66300CFEC24 /* Products */,
			);
			sourceTree = "<group>";
		};
		8E9E73B926E0B66300CFEC24 /* Products */ = {
			isa = PBXGroup;
			children = (
				8E9E73B826E0B66300CFEC24 /* OpenChargeApp.app */,
				8E9E73C926E0B66600CFEC24 /* OpenChargeAppTests.xctest */,
				8E9E73D426E0B66600CFEC24 /* OpenChargeAppUITests.xctest */,
			);
			name = Products;
			sourceTree = "<group>";
		};
		8E9E73BA26E0B66300CFEC24 /* OpenChargeApp */ = {
			isa = PBXGroup;
			children = (
				8E9E73BB26E0B66300CFEC24 /* OpenChargeApp.swift */,
				8E5887A227C8098A00DE743F /* ViewModels */,
				8E5FBF3727BBCE9500241226 /* Views */,
				8E5FBF3827BBCEA000241226 /* Model */,
				8E1C011627B66602001381AA /* Extension */,
				8E9E73E826E10AA400CFEC24 /* API */,
				8E69AC9926EB7A8200485CC2 /* Location */,
				8E9E73BF26E0B66500CFEC24 /* Assets.xcassets */,
				8E84701E27FB070A006C1178 /* InfoPlist.strings */,
				8E84701827FAF784006C1178 /* Localizable.strings */,
				8E588E3227F7492200551A19 /* Launch Screen.storyboard */,
				8E9E73C426E0B66600CFEC24 /* Info.plist */,
				8E9E73C126E0B66600CFEC24 /* Preview Content */,
			);
			path = OpenChargeApp;
			sourceTree = "<group>";
		};
		8E9E73C126E0B66600CFEC24 /* Preview Content */ = {
			isa = PBXGroup;
			children = (
				8E9E73C226E0B66600CFEC24 /* Preview Assets.xcassets */,
			);
			path = "Preview Content";
			sourceTree = "<group>";
		};
		8E9E73CC26E0B66600CFEC24 /* OpenChargeAppTests */ = {
			isa = PBXGroup;
			children = (
				8EA3097027E1F96200B22600 /* ViewModel */,
				8E69AC9C26EB8A4A00485CC2 /* API */,
				8E69AC9D26EB8A9C00485CC2 /* Location */,
				8E9E73CF26E0B66600CFEC24 /* Info.plist */,
			);
			path = OpenChargeAppTests;
			sourceTree = "<group>";
		};
		8E9E73D726E0B66600CFEC24 /* OpenChargeAppUITests */ = {
			isa = PBXGroup;
			children = (
				8E9E73D826E0B66600CFEC24 /* OpenChargeAppUITests.swift */,
				8E9E73DA26E0B66600CFEC24 /* Info.plist */,
			);
			path = OpenChargeAppUITests;
			sourceTree = "<group>";
		};
		8E9E73E826E10AA400CFEC24 /* API */ = {
			isa = PBXGroup;
			children = (
				8E9E73EB26E10ACE00CFEC24 /* HTTPClient.swift */,
				8E66781426EFDACE0008D7D2 /* URLSessionHTTPClient.swift */,
			);
			path = API;
			sourceTree = "<group>";
		};
		8EA3097027E1F96200B22600 /* ViewModel */ = {
			isa = PBXGroup;
			children = (
				8E7AA43C27DB42F400CF0864 /* ChargerViewModelTests.swift */,
			);
			path = ViewModel;
			sourceTree = "<group>";
		};
/* End PBXGroup section */

/* Begin PBXNativeTarget section */
		8E9E73B726E0B66300CFEC24 /* OpenChargeApp */ = {
			isa = PBXNativeTarget;
			buildConfigurationList = 8E9E73DD26E0B66600CFEC24 /* Build configuration list for PBXNativeTarget "OpenChargeApp" */;
			buildPhases = (
				8E9E73B426E0B66300CFEC24 /* Sources */,
				8E9E73B526E0B66300CFEC24 /* Frameworks */,
				8E9E73B626E0B66300CFEC24 /* Resources */,
			);
			buildRules = (
			);
			dependencies = (
			);
			name = OpenChargeApp;
			productName = OpenChargeApp;
			productReference = 8E9E73B826E0B66300CFEC24 /* OpenChargeApp.app */;
			productType = "com.apple.product-type.application";
		};
		8E9E73C826E0B66600CFEC24 /* OpenChargeAppTests */ = {
			isa = PBXNativeTarget;
			buildConfigurationList = 8E9E73E026E0B66600CFEC24 /* Build configuration list for PBXNativeTarget "OpenChargeAppTests" */;
			buildPhases = (
				8E9E73C526E0B66600CFEC24 /* Sources */,
				8E9E73C626E0B66600CFEC24 /* Frameworks */,
				8E9E73C726E0B66600CFEC24 /* Resources */,
			);
			buildRules = (
			);
			dependencies = (
				8E9E73CB26E0B66600CFEC24 /* PBXTargetDependency */,
			);
			name = OpenChargeAppTests;
			productName = OpenChargeAppTests;
			productReference = 8E9E73C926E0B66600CFEC24 /* OpenChargeAppTests.xctest */;
			productType = "com.apple.product-type.bundle.unit-test";
		};
		8E9E73D326E0B66600CFEC24 /* OpenChargeAppUITests */ = {
			isa = PBXNativeTarget;
			buildConfigurationList = 8E9E73E326E0B66600CFEC24 /* Build configuration list for PBXNativeTarget "OpenChargeAppUITests" */;
			buildPhases = (
				8E9E73D026E0B66600CFEC24 /* Sources */,
				8E9E73D126E0B66600CFEC24 /* Frameworks */,
				8E9E73D226E0B66600CFEC24 /* Resources */,
			);
			buildRules = (
			);
			dependencies = (
				8E9E73D626E0B66600CFEC24 /* PBXTargetDependency */,
			);
			name = OpenChargeAppUITests;
			productName = OpenChargeAppUITests;
			productReference = 8E9E73D426E0B66600CFEC24 /* OpenChargeAppUITests.xctest */;
			productType = "com.apple.product-type.bundle.ui-testing";
		};
/* End PBXNativeTarget section */

/* Begin PBXProject section */
		8E9E73B026E0B66300CFEC24 /* Project object */ = {
			isa = PBXProject;
			attributes = {
				KnownAssetTags = (
					New,
				);
				LastSwiftUpdateCheck = 1250;
				LastUpgradeCheck = 1250;
				TargetAttributes = {
					8E9E73B726E0B66300CFEC24 = {
						CreatedOnToolsVersion = 12.5.1;
					};
					8E9E73C826E0B66600CFEC24 = {
						CreatedOnToolsVersion = 12.5.1;
						TestTargetID = 8E9E73B726E0B66300CFEC24;
					};
					8E9E73D326E0B66600CFEC24 = {
						CreatedOnToolsVersion = 12.5.1;
						TestTargetID = 8E9E73B726E0B66300CFEC24;
					};
				};
			};
			buildConfigurationList = 8E9E73B326E0B66300CFEC24 /* Build configuration list for PBXProject "OpenChargeApp" */;
			compatibilityVersion = "Xcode 9.3";
			developmentRegion = en;
			hasScannedForEncodings = 0;
			knownRegions = (
				en,
				Base,
				fr,
			);
			mainGroup = 8E9E73AF26E0B66300CFEC24;
			productRefGroup = 8E9E73B926E0B66300CFEC24 /* Products */;
			projectDirPath = "";
			projectRoot = "";
			targets = (
				8E9E73B726E0B66300CFEC24 /* OpenChargeApp */,
				8E9E73C826E0B66600CFEC24 /* OpenChargeAppTests */,
				8E9E73D326E0B66600CFEC24 /* OpenChargeAppUITests */,
			);
		};
/* End PBXProject section */

/* Begin PBXResourcesBuildPhase section */
		8E9E73B626E0B66300CFEC24 /* Resources */ = {
			isa = PBXResourcesBuildPhase;
			buildActionMask = 2147483647;
			files = (
				8E588E3327F7492200551A19 /* Launch Screen.storyboard in Resources */,
				8E84701627FAF784006C1178 /* Localizable.strings in Resources */,
				8E9E73C326E0B66600CFEC24 /* Preview Assets.xcassets in Resources */,
				8E9E73C026E0B66500CFEC24 /* Assets.xcassets in Resources */,
				8E84701C27FB070A006C1178 /* InfoPlist.strings in Resources */,
			);
			runOnlyForDeploymentPostprocessing = 0;
		};
		8E9E73C726E0B66600CFEC24 /* Resources */ = {
			isa = PBXResourcesBuildPhase;
			buildActionMask = 2147483647;
			files = (
			);
			runOnlyForDeploymentPostprocessing = 0;
		};
		8E9E73D226E0B66600CFEC24 /* Resources */ = {
			isa = PBXResourcesBuildPhase;
			buildActionMask = 2147483647;
			files = (
			);
			runOnlyForDeploymentPostprocessing = 0;
		};
/* End PBXResourcesBuildPhase section */

/* Begin PBXSourcesBuildPhase section */
		8E9E73B426E0B66300CFEC24 /* Sources */ = {
			isa = PBXSourcesBuildPhase;
			buildActionMask = 2147483647;
			files = (
				8E5FBF3A27BBCF7400241226 /* AuthorizationPermission.swift in Sources */,
				8E5B0D7A27BE8FF100D0BA91 /* AnyTransition.swift in Sources */,
				8E5FBF3627BBCE4900241226 /* ProcessingView.swift in Sources */,
				8E9E73EE26E1211C00CFEC24 /* Charger.swift in Sources */,
				8E1DBB4327D6504200D9277E /* FilterView.swift in Sources */,
				8E9E73BE26E0B66400CFEC24 /* ContentView.swift in Sources */,
				8E69AC9B26EB7A8D00485CC2 /* LocationManager.swift in Sources */,
				8E66781526EFDACE0008D7D2 /* URLSessionHTTPClient.swift in Sources */,
				8E9E73BC26E0B66300CFEC24 /* OpenChargeApp.swift in Sources */,
				8E64D40327C7D955008BEB65 /* ChargersList.swift in Sources */,
				8E64D40127C79202008BEB65 /* ChargerRow.swift in Sources */,
				8E1D639227D8E6C80010F1FC /* MapView.swift in Sources */,
				8E5FBF3427BBCD9500241226 /* CLLocationCoordinate2D.swift in Sources */,
				8E5FBF3C27BBEBC000241226 /* ChargerAnnotationView.swift in Sources */,
				8E1C011A27B66639001381AA /* Shape.swift in Sources */,
				8E1C011827B6661C001381AA /* View.swift in Sources */,
				8E1D639027D897FC0010F1FC /* ChargerFiltersViewModel.swift in Sources */,
				8E66780F26EF2F0F0008D7D2 /* LocationViewModel.swift in Sources */,
				8E5887A127C8090300DE743F /* ChargerViewModel.swift in Sources */,
				8E9E73EC26E10ACE00CFEC24 /* HTTPClient.swift in Sources */,
				8E6BEDBE27957989009DDF94 /* ChargersViewModel.swift in Sources */,
				8E5B0D7F27BE906A00D0BA91 /* Constants.swift in Sources */,
				8E73D22F27C41781007818B8 /* ChargerView.swift in Sources */,
			);
			runOnlyForDeploymentPostprocessing = 0;
		};
		8E9E73C526E0B66600CFEC24 /* Sources */ = {
			isa = PBXSourcesBuildPhase;
			buildActionMask = 2147483647;
			files = (
				8E66781326EFD8720008D7D2 /* OpenChargeViewModelTests.swift in Sources */,
				8E7AA43D27DB42F400CF0864 /* ChargerViewModelTests.swift in Sources */,
				8E69CB2F26E89E1A003B14FC /* LocationManagerTests.swift in Sources */,
				8E575D1426E3BDAC00CC73D7 /* URLSessionHTTPClientTests.swift in Sources */,
				8E69ACA126EB9FF000485CC2 /* LocationViewModelTests.swift in Sources */,
			);
			runOnlyForDeploymentPostprocessing = 0;
		};
		8E9E73D026E0B66600CFEC24 /* Sources */ = {
			isa = PBXSourcesBuildPhase;
			buildActionMask = 2147483647;
			files = (
				8E9E73D926E0B66600CFEC24 /* OpenChargeAppUITests.swift in Sources */,
			);
			runOnlyForDeploymentPostprocessing = 0;
		};
/* End PBXSourcesBuildPhase section */

/* Begin PBXTargetDependency section */
		8E9E73CB26E0B66600CFEC24 /* PBXTargetDependency */ = {
			isa = PBXTargetDependency;
			target = 8E9E73B726E0B66300CFEC24 /* OpenChargeApp */;
			targetProxy = 8E9E73CA26E0B66600CFEC24 /* PBXContainerItemProxy */;
		};
		8E9E73D626E0B66600CFEC24 /* PBXTargetDependency */ = {
			isa = PBXTargetDependency;
			target = 8E9E73B726E0B66300CFEC24 /* OpenChargeApp */;
			targetProxy = 8E9E73D526E0B66600CFEC24 /* PBXContainerItemProxy */;
		};
/* End PBXTargetDependency section */

/* Begin PBXVariantGroup section */
		8E84701827FAF784006C1178 /* Localizable.strings */ = {
			isa = PBXVariantGroup;
			children = (
				8E84701727FAF784006C1178 /* en */,
				8E84701927FAF787006C1178 /* fr */,
			);
			name = Localizable.strings;
			sourceTree = "<group>";
		};
		8E84701E27FB070A006C1178 /* InfoPlist.strings */ = {
			isa = PBXVariantGroup;
			children = (
				8E84701D27FB070A006C1178 /* en */,
				8E84701F27FB070E006C1178 /* fr */,
			);
			name = InfoPlist.strings;
			sourceTree = "<group>";
		};
/* End PBXVariantGroup section */

/* Begin XCBuildConfiguration section */
		8E9E73DB26E0B66600CFEC24 /* Debug */ = {
			isa = XCBuildConfiguration;
			buildSettings = {
				ALWAYS_SEARCH_USER_PATHS = NO;
				CLANG_ANALYZER_NONNULL = YES;
				CLANG_ANALYZER_NUMBER_OBJECT_CONVERSION = YES_AGGRESSIVE;
				CLANG_CXX_LANGUAGE_STANDARD = "gnu++14";
				CLANG_CXX_LIBRARY = "libc++";
				CLANG_ENABLE_MODULES = YES;
				CLANG_ENABLE_OBJC_ARC = YES;
				CLANG_ENABLE_OBJC_WEAK = YES;
				CLANG_WARN_BLOCK_CAPTURE_AUTORELEASING = YES;
				CLANG_WARN_BOOL_CONVERSION = YES;
				CLANG_WARN_COMMA = YES;
				CLANG_WARN_CONSTANT_CONVERSION = YES;
				CLANG_WARN_DEPRECATED_OBJC_IMPLEMENTATIONS = YES;
				CLANG_WARN_DIRECT_OBJC_ISA_USAGE = YES_ERROR;
				CLANG_WARN_DOCUMENTATION_COMMENTS = YES;
				CLANG_WARN_EMPTY_BODY = YES;
				CLANG_WARN_ENUM_CONVERSION = YES;
				CLANG_WARN_INFINITE_RECURSION = YES;
				CLANG_WARN_INT_CONVERSION = YES;
				CLANG_WARN_NON_LITERAL_NULL_CONVERSION = YES;
				CLANG_WARN_OBJC_IMPLICIT_RETAIN_SELF = YES;
				CLANG_WARN_OBJC_LITERAL_CONVERSION = YES;
				CLANG_WARN_OBJC_ROOT_CLASS = YES_ERROR;
				CLANG_WARN_QUOTED_INCLUDE_IN_FRAMEWORK_HEADER = YES;
				CLANG_WARN_RANGE_LOOP_ANALYSIS = YES;
				CLANG_WARN_STRICT_PROTOTYPES = YES;
				CLANG_WARN_SUSPICIOUS_MOVE = YES;
				CLANG_WARN_UNGUARDED_AVAILABILITY = YES_AGGRESSIVE;
				CLANG_WARN_UNREACHABLE_CODE = YES;
				CLANG_WARN__DUPLICATE_METHOD_MATCH = YES;
				COPY_PHASE_STRIP = NO;
				DEBUG_INFORMATION_FORMAT = dwarf;
				ENABLE_STRICT_OBJC_MSGSEND = YES;
				ENABLE_TESTABILITY = YES;
				GCC_C_LANGUAGE_STANDARD = gnu11;
				GCC_DYNAMIC_NO_PIC = NO;
				GCC_NO_COMMON_BLOCKS = YES;
				GCC_OPTIMIZATION_LEVEL = 0;
				GCC_PREPROCESSOR_DEFINITIONS = (
					"DEBUG=1",
					"$(inherited)",
				);
				GCC_WARN_64_TO_32_BIT_CONVERSION = YES;
				GCC_WARN_ABOUT_RETURN_TYPE = YES_ERROR;
				GCC_WARN_UNDECLARED_SELECTOR = YES;
				GCC_WARN_UNINITIALIZED_AUTOS = YES_AGGRESSIVE;
				GCC_WARN_UNUSED_FUNCTION = YES;
				GCC_WARN_UNUSED_VARIABLE = YES;
				IPHONEOS_DEPLOYMENT_TARGET = 14.5;
				MTL_ENABLE_DEBUG_INFO = INCLUDE_SOURCE;
				MTL_FAST_MATH = YES;
				ONLY_ACTIVE_ARCH = YES;
				SDKROOT = iphoneos;
				SWIFT_ACTIVE_COMPILATION_CONDITIONS = DEBUG;
				SWIFT_OPTIMIZATION_LEVEL = "-Onone";
			};
			name = Debug;
		};
		8E9E73DC26E0B66600CFEC24 /* Release */ = {
			isa = XCBuildConfiguration;
			buildSettings = {
				ALWAYS_SEARCH_USER_PATHS = NO;
				CLANG_ANALYZER_NONNULL = YES;
				CLANG_ANALYZER_NUMBER_OBJECT_CONVERSION = YES_AGGRESSIVE;
				CLANG_CXX_LANGUAGE_STANDARD = "gnu++14";
				CLANG_CXX_LIBRARY = "libc++";
				CLANG_ENABLE_MODULES = YES;
				CLANG_ENABLE_OBJC_ARC = YES;
				CLANG_ENABLE_OBJC_WEAK = YES;
				CLANG_WARN_BLOCK_CAPTURE_AUTORELEASING = YES;
				CLANG_WARN_BOOL_CONVERSION = YES;
				CLANG_WARN_COMMA = YES;
				CLANG_WARN_CONSTANT_CONVERSION = YES;
				CLANG_WARN_DEPRECATED_OBJC_IMPLEMENTATIONS = YES;
				CLANG_WARN_DIRECT_OBJC_ISA_USAGE = YES_ERROR;
				CLANG_WARN_DOCUMENTATION_COMMENTS = YES;
				CLANG_WARN_EMPTY_BODY = YES;
				CLANG_WARN_ENUM_CONVERSION = YES;
				CLANG_WARN_INFINITE_RECURSION = YES;
				CLANG_WARN_INT_CONVERSION = YES;
				CLANG_WARN_NON_LITERAL_NULL_CONVERSION = YES;
				CLANG_WARN_OBJC_IMPLICIT_RETAIN_SELF = YES;
				CLANG_WARN_OBJC_LITERAL_CONVERSION = YES;
				CLANG_WARN_OBJC_ROOT_CLASS = YES_ERROR;
				CLANG_WARN_QUOTED_INCLUDE_IN_FRAMEWORK_HEADER = YES;
				CLANG_WARN_RANGE_LOOP_ANALYSIS = YES;
				CLANG_WARN_STRICT_PROTOTYPES = YES;
				CLANG_WARN_SUSPICIOUS_MOVE = YES;
				CLANG_WARN_UNGUARDED_AVAILABILITY = YES_AGGRESSIVE;
				CLANG_WARN_UNREACHABLE_CODE = YES;
				CLANG_WARN__DUPLICATE_METHOD_MATCH = YES;
				COPY_PHASE_STRIP = NO;
				DEBUG_INFORMATION_FORMAT = "dwarf-with-dsym";
				ENABLE_NS_ASSERTIONS = NO;
				ENABLE_STRICT_OBJC_MSGSEND = YES;
				GCC_C_LANGUAGE_STANDARD = gnu11;
				GCC_NO_COMMON_BLOCKS = YES;
				GCC_WARN_64_TO_32_BIT_CONVERSION = YES;
				GCC_WARN_ABOUT_RETURN_TYPE = YES_ERROR;
				GCC_WARN_UNDECLARED_SELECTOR = YES;
				GCC_WARN_UNINITIALIZED_AUTOS = YES_AGGRESSIVE;
				GCC_WARN_UNUSED_FUNCTION = YES;
				GCC_WARN_UNUSED_VARIABLE = YES;
				IPHONEOS_DEPLOYMENT_TARGET = 14.5;
				MTL_ENABLE_DEBUG_INFO = NO;
				MTL_FAST_MATH = YES;
				SDKROOT = iphoneos;
				SWIFT_COMPILATION_MODE = wholemodule;
				SWIFT_OPTIMIZATION_LEVEL = "-O";
				VALIDATE_PRODUCT = YES;
			};
			name = Release;
		};
		8E9E73DE26E0B66600CFEC24 /* Debug */ = {
			isa = XCBuildConfiguration;
			buildSettings = {
				ASSETCATALOG_COMPILER_APPICON_NAME = AppIcon;
				ASSETCATALOG_COMPILER_GLOBAL_ACCENT_COLOR_NAME = AccentColor;
				CODE_SIGN_STYLE = Automatic;
				DEVELOPMENT_ASSET_PATHS = "\"OpenChargeApp/Preview Content\"";
				DEVELOPMENT_TEAM = P9CD4D4F5T;
				ENABLE_PREVIEWS = YES;
				INFOPLIST_FILE = OpenChargeApp/Info.plist;
				IPHONEOS_DEPLOYMENT_TARGET = 15.0;
				LD_RUNPATH_SEARCH_PATHS = (
					"$(inherited)",
					"@executable_path/Frameworks",
				);
				PRODUCT_BUNDLE_IDENTIFIER = com.nchatharoo.OpenChargeApp;
				PRODUCT_NAME = "$(TARGET_NAME)";
				SWIFT_VERSION = 5.0;
				TARGETED_DEVICE_FAMILY = "1,2";
				VERSIONING_SYSTEM = "apple-generic";
			};
			name = Debug;
		};
		8E9E73DF26E0B66600CFEC24 /* Release */ = {
			isa = XCBuildConfiguration;
			buildSettings = {
				ASSETCATALOG_COMPILER_APPICON_NAME = AppIcon;
				ASSETCATALOG_COMPILER_GLOBAL_ACCENT_COLOR_NAME = AccentColor;
				CODE_SIGN_STYLE = Automatic;
				DEVELOPMENT_ASSET_PATHS = "\"OpenChargeApp/Preview Content\"";
				DEVELOPMENT_TEAM = P9CD4D4F5T;
				ENABLE_PREVIEWS = YES;
				INFOPLIST_FILE = OpenChargeApp/Info.plist;
				IPHONEOS_DEPLOYMENT_TARGET = 15.0;
				LD_RUNPATH_SEARCH_PATHS = (
					"$(inherited)",
					"@executable_path/Frameworks",
				);
				PRODUCT_BUNDLE_IDENTIFIER = com.nchatharoo.OpenChargeApp;
				PRODUCT_NAME = "$(TARGET_NAME)";
				SWIFT_VERSION = 5.0;
				TARGETED_DEVICE_FAMILY = "1,2";
				VERSIONING_SYSTEM = "apple-generic";
			};
			name = Release;
		};
		8E9E73E126E0B66600CFEC24 /* Debug */ = {
			isa = XCBuildConfiguration;
			buildSettings = {
				ALWAYS_EMBED_SWIFT_STANDARD_LIBRARIES = YES;
				BUNDLE_LOADER = "$(TEST_HOST)";
				CODE_SIGN_STYLE = Automatic;
				DEVELOPMENT_TEAM = P9CD4D4F5T;
				INFOPLIST_FILE = OpenChargeAppTests/Info.plist;
				IPHONEOS_DEPLOYMENT_TARGET = 15.0;
				LD_RUNPATH_SEARCH_PATHS = (
					"$(inherited)",
					"@executable_path/Frameworks",
					"@loader_path/Frameworks",
				);
				PRODUCT_BUNDLE_IDENTIFIER = com.nchatharoo.OpenChargeAppTests;
				PRODUCT_NAME = "$(TARGET_NAME)";
				SWIFT_VERSION = 5.0;
				TARGETED_DEVICE_FAMILY = "1,2";
				TEST_HOST = "$(BUILT_PRODUCTS_DIR)/OpenChargeApp.app/OpenChargeApp";
			};
			name = Debug;
		};
		8E9E73E226E0B66600CFEC24 /* Release */ = {
			isa = XCBuildConfiguration;
			buildSettings = {
				ALWAYS_EMBED_SWIFT_STANDARD_LIBRARIES = YES;
				BUNDLE_LOADER = "$(TEST_HOST)";
				CODE_SIGN_STYLE = Automatic;
				DEVELOPMENT_TEAM = P9CD4D4F5T;
				INFOPLIST_FILE = OpenChargeAppTests/Info.plist;
				IPHONEOS_DEPLOYMENT_TARGET = 15.0;
				LD_RUNPATH_SEARCH_PATHS = (
					"$(inherited)",
					"@executable_path/Frameworks",
					"@loader_path/Frameworks",
				);
				PRODUCT_BUNDLE_IDENTIFIER = com.nchatharoo.OpenChargeAppTests;
				PRODUCT_NAME = "$(TARGET_NAME)";
				SWIFT_VERSION = 5.0;
				TARGETED_DEVICE_FAMILY = "1,2";
				TEST_HOST = "$(BUILT_PRODUCTS_DIR)/OpenChargeApp.app/OpenChargeApp";
			};
			name = Release;
		};
		8E9E73E426E0B66600CFEC24 /* Debug */ = {
			isa = XCBuildConfiguration;
			buildSettings = {
				ALWAYS_EMBED_SWIFT_STANDARD_LIBRARIES = YES;
				CODE_SIGN_STYLE = Automatic;
				DEVELOPMENT_TEAM = P9CD4D4F5T;
				INFOPLIST_FILE = OpenChargeAppUITests/Info.plist;
				LD_RUNPATH_SEARCH_PATHS = (
					"$(inherited)",
					"@executable_path/Frameworks",
					"@loader_path/Frameworks",
				);
				PRODUCT_BUNDLE_IDENTIFIER = com.nchatharoo.OpenChargeAppUITests;
				PRODUCT_NAME = "$(TARGET_NAME)";
				SWIFT_VERSION = 5.0;
				TARGETED_DEVICE_FAMILY = "1,2";
				TEST_TARGET_NAME = OpenChargeApp;
			};
			name = Debug;
		};
		8E9E73E526E0B66600CFEC24 /* Release */ = {
			isa = XCBuildConfiguration;
			buildSettings = {
				ALWAYS_EMBED_SWIFT_STANDARD_LIBRARIES = YES;
				CODE_SIGN_STYLE = Automatic;
				DEVELOPMENT_TEAM = P9CD4D4F5T;
				INFOPLIST_FILE = OpenChargeAppUITests/Info.plist;
				LD_RUNPATH_SEARCH_PATHS = (
					"$(inherited)",
					"@executable_path/Frameworks",
					"@loader_path/Frameworks",
				);
				PRODUCT_BUNDLE_IDENTIFIER = com.nchatharoo.OpenChargeAppUITests;
				PRODUCT_NAME = "$(TARGET_NAME)";
				SWIFT_VERSION = 5.0;
				TARGETED_DEVICE_FAMILY = "1,2";
				TEST_TARGET_NAME = OpenChargeApp;
			};
			name = Release;
		};
/* End XCBuildConfiguration section */

/* Begin XCConfigurationList section */
		8E9E73B326E0B66300CFEC24 /* Build configuration list for PBXProject "OpenChargeApp" */ = {
			isa = XCConfigurationList;
			buildConfigurations = (
				8E9E73DB26E0B66600CFEC24 /* Debug */,
				8E9E73DC26E0B66600CFEC24 /* Release */,
			);
			defaultConfigurationIsVisible = 0;
			defaultConfigurationName = Release;
		};
		8E9E73DD26E0B66600CFEC24 /* Build configuration list for PBXNativeTarget "OpenChargeApp" */ = {
			isa = XCConfigurationList;
			buildConfigurations = (
				8E9E73DE26E0B66600CFEC24 /* Debug */,
				8E9E73DF26E0B66600CFEC24 /* Release */,
			);
			defaultConfigurationIsVisible = 0;
			defaultConfigurationName = Release;
		};
		8E9E73E026E0B66600CFEC24 /* Build configuration list for PBXNativeTarget "OpenChargeAppTests" */ = {
			isa = XCConfigurationList;
			buildConfigurations = (
				8E9E73E126E0B66600CFEC24 /* Debug */,
				8E9E73E226E0B66600CFEC24 /* Release */,
			);
			defaultConfigurationIsVisible = 0;
			defaultConfigurationName = Release;
		};
		8E9E73E326E0B66600CFEC24 /* Build configuration list for PBXNativeTarget "OpenChargeAppUITests" */ = {
			isa = XCConfigurationList;
			buildConfigurations = (
				8E9E73E426E0B66600CFEC24 /* Debug */,
				8E9E73E526E0B66600CFEC24 /* Release */,
			);
			defaultConfigurationIsVisible = 0;
			defaultConfigurationName = Release;
		};
/* End XCConfigurationList section */
	};
	rootObject = 8E9E73B026E0B66300CFEC24 /* Project object */;
}
